
Microsoft Visual Studio Solution File, Format Version 12.00
# Visual Studio Version 16
VisualStudioVersion = 16.0.30204.135
MinimumVisualStudioVersion = 10.0.40219.1
Project("{C9674DCB-5085-4A16-B785-4C70DD1589BD}") = "VDT207Unified", "VDT207Unified.dtproj", "{7B523E04-A324-4559-8CA7-6611D61895C4}"
EndProject
Global
	GlobalSection(SolutionConfigurationPlatforms) = preSolution
		Azure|Default = Azure|Default
		Development|Default = Development|Default
	EndGlobalSection
	GlobalSection(ProjectConfigurationPlatforms) = postSolution
		{7B523E04-A324-4559-8CA7-6611D61895C4}.Azure|Default.ActiveCfg = Azure
		{7B523E04-A324-4559-8CA7-6611D61895C4}.Azure|Default.Build.0 = Azure
		{7B523E04-A324-4559-8CA7-6611D61895C4}.Development|Default.ActiveCfg = Development
		{7B523E04-A324-4559-8CA7-6611D61895C4}.Development|Default.Build.0 = Development
	EndGlobalSection
	GlobalSection(SolutionProperties) = preSolution
		HideSolutionNode = FALSE
	EndGlobalSection
	GlobalSection(ExtensibilityGlobals) = postSolution
		SolutionGuid = {7BD5AB79-402B-4FDF-A363-575A31A101F3}
	EndGlobalSection
EndGlobal
